github.com/brianvoe/gofakeit/v5 v5.4.3 h1:JWRVZTw81gV1RxNlNmBvZ+1oOqv0U6tMCne3mPXR9N8=
github.com/brianvoe/gofakeit/v5 v5.4.3/go.mod h1:/ZENnKqX+XrN8SORLe/fu5lZDIo1tuPncWuRD+eyhSI=
github.com/gorilla/mux v1.7.4 h1:VuZ8uybHlWmqV03+zRzdwKL4tUnIp1MAQtp1mIFE1bc=
github.com/gorilla/mux v1.7.4/go.mod h1:DVbg23sWSpFRCP0SfiEN6jmj59UnW/n46BH5rLB71So=
